
Microsoft Visual Studio Solution File, Format Version 12.00
# Visual Studio Version 16
VisualStudioVersion = 16.0.30517.126
MinimumVisualStudioVersion = 10.0.40219.1
Project("{9A19103F-16F7-4668-BE54-9A1E7A4F7556}") = "JwtAuthDemo", "JwtAuthDemo.csproj", "{86CFA3A9-5DB9-4666-87E4-1714D3D8CAE2}"
EndProject
Global
	GlobalSection(SolutionConfigurationPlatforms) = preSolution
		Debug|Any CPU = Debug|Any CPU
		Release|Any CPU = Release|Any CPU
	EndGlobalSection
	GlobalSection(ProjectConfigurationPlatforms) = postSolution
		{86CFA3A9-5DB9-4666-87E4-1714D3D8CAE2}.Debug|Any CPU.ActiveCfg = Debug|Any CPU
		{86CFA3A9-5DB9-4666-87E4-1714D3D8CAE2}.Debug|Any CPU.Build.0 = Debug|Any CPU
		{86CFA3A9-5DB9-4666-87E4-1714D3D8CAE2}.Release|Any CPU.ActiveCfg = Release|Any CPU
		{86CFA3A9-5DB9-4666-87E4-1714D3D8CAE2}.Release|Any CPU.Build.0 = Release|Any CPU
	EndGlobalSection
	GlobalSection(SolutionProperties) = preSolution
		HideSolutionNode = FALSE
	EndGlobalSection
	GlobalSection(ExtensibilityGlobals) = postSolution
		SolutionGuid = {53575E3B-73F4-4FEF-BF31-904376B90291}
	EndGlobalSection
EndGlobal
